
Microsoft Visual Studio Solution File, Format Version 12.00
# Visual Studio 15
VisualStudioVersion = 15.0.28010.2046
MinimumVisualStudioVersion = 10.0.40219.1
Project("{FAE04EC0-301F-11D3-BF4B-00C04F79EFBC}") = "View", "View\View.csproj", "{8D7E0F4D-E23D-4056-B304-74267F93E7B1}"
EndProject
Project("{FAE04EC0-301F-11D3-BF4B-00C04F79EFBC}") = "Model", "Model\Model.csproj", "{6F14DC42-16E5-40F1-8711-30CB9B591FDA}"
EndProject
Project("{FAE04EC0-301F-11D3-BF4B-00C04F79EFBC}") = "Repositorio", "Repositorio\Repositorio.csproj", "{9CF31FFB-7B69-4C16-A767-0A2B01E65E7D}"
EndProject
Global
	GlobalSection(SolutionConfigurationPlatforms) = preSolution
		Debug|Any CPU = Debug|Any CPU
		Release|Any CPU = Release|Any CPU
	EndGlobalSection
	GlobalSection(ProjectConfigurationPlatforms) = postSolution
		{8D7E0F4D-E23D-4056-B304-74267F93E7B1}.Debug|Any CPU.ActiveCfg = Debug|Any CPU
		{8D7E0F4D-E23D-4056-B304-74267F93E7B1}.Debug|Any CPU.Build.0 = Debug|Any CPU
		{8D7E0F4D-E23D-4056-B304-74267F93E7B1}.Release|Any CPU.ActiveCfg = Release|Any CPU
		{8D7E0F4D-E23D-4056-B304-74267F93E7B1}.Release|Any CPU.Build.0 = Release|Any CPU
		{6F14DC42-16E5-40F1-8711-30CB9B591FDA}.Debug|Any CPU.ActiveCfg = Debug|Any CPU
		{6F14DC42-16E5-40F1-8711-30CB9B591FDA}.Debug|Any CPU.Build.0 = Debug|Any CPU
		{6F14DC42-16E5-40F1-8711-30CB9B591FDA}.Release|Any CPU.ActiveCfg = Release|Any CPU
		{6F14DC42-16E5-40F1-8711-30CB9B591FDA}.Release|Any CPU.Build.0 = Release|Any CPU
		{9CF31FFB-7B69-4C16-A767-0A2B01E65E7D}.Debug|Any CPU.ActiveCfg = Debug|Any CPU
		{9CF31FFB-7B69-4C16-A767-0A2B01E65E7D}.Debug|Any CPU.Build.0 = Debug|Any CPU
		{9CF31FFB-7B69-4C16-A767-0A2B01E65E7D}.Release|Any CPU.ActiveCfg = Release|Any CPU
		{9CF31FFB-7B69-4C16-A767-0A2B01E65E7D}.Release|Any CPU.Build.0 = Release|Any CPU
	EndGlobalSection
	GlobalSection(SolutionProperties) = preSolution
		HideSolutionNode = FALSE
	EndGlobalSection
	GlobalSection(ExtensibilityGlobals) = postSolution
		SolutionGuid = {B813C0F4-9C0E-426E-8913-68D60ED9F424}
	EndGlobalSection
EndGlobal
